{
  "requires": true,
  "lockfileVersion": 1,
  "dependencies": {
    "@babel/runtime": {
      "version": "7.8.7",
      "resolved": "https://registry.npmjs.org/@babel/runtime/-/runtime-7.8.7.tgz",
      "integrity": "sha512-+AATMUFppJDw6aiR5NVPHqIQBlV/Pj8wY/EZH+lmvRdUo9xBaz/rF3alAwFJQavvKfeOlPE7oaaDHVbcySbCsg==",
      "requires": {
        "regenerator-runtime": "^0.13.4"
      }
    },
    "final-form": {
      "version": "4.18.7",
      "resolved": "https://registry.npmjs.org/final-form/-/final-form-4.18.7.tgz",
      "integrity": "sha512-XdlYYGDcoUcKKVzRJxLg8N/ZG3wVLZvhO7K7PKQWVMjCiIUWdmtBwApw2NFS4P7RJvg8OdF73qGXhhE3K5PuDQ==",
      "requires": {
        "@babel/runtime": "^7.8.3"
      }
    },
    "react-final-form": {
      "version": "6.3.5",
      "resolved": "https://registry.npmjs.org/react-final-form/-/react-final-form-6.3.5.tgz",
      "integrity": "sha512-btqEp1+n1WO4bUDopBdvUoIuoGHf91n/EOJg0QU5YjhX9CK+4RIsBI0M41lmyT3H6hWv6NELdX5n5zBJyOIXoA==",
      "requires": {
        "@babel/runtime": "^7.8.3",
        "ts-essentials": "^5.0.0"
      }
    },
    "regenerator-runtime": {
      "version": "0.13.4",
      "resolved": "https://registry.npmjs.org/regenerator-runtime/-/regenerator-runtime-0.13.4.tgz",
      "integrity": "sha512-plpwicqEzfEyTQohIKktWigcLzmNStMGwbOUbykx51/29Z3JOGYldaaNGK7ngNXV+UcoqvIMmloZ48Sr74sd+g=="
    },
    "ts-essentials": {
      "version": "5.0.0",
      "resolved": "https://registry.npmjs.org/ts-essentials/-/ts-essentials-5.0.0.tgz",
      "integrity": "sha512-ftKWOm6Jq+/UCBekDfxUjLODEd5XGN2EM/+TIQV9LJ5xSV12je4GqdRyv7pXXGGYmEt/nQa6F00xTWYJ5PMjIQ=="
    }
  }
}
