
Microsoft Visual Studio Solution File, Format Version 12.00
# Visual Studio 15
VisualStudioVersion = 15.0.26124.0
MinimumVisualStudioVersion = 15.0.26124.0
Project("{FAE04EC0-301F-11D3-BF4B-00C04F79EFBC}") = "Domain", "Domain\Domain.csproj", "{E4646A49-71AE-4095-BC60-01453AE820BA}"
EndProject
Project("{FAE04EC0-301F-11D3-BF4B-00C04F79EFBC}") = "Application", "Application\Application.csproj", "{94E5375F-F705-4305-87A3-4B217674B1F1}"
EndProject
Project("{FAE04EC0-301F-11D3-BF4B-00C04F79EFBC}") = "Persistence", "Persistence\Persistence.csproj", "{EE5EB442-26D8-4497-8C02-E286EBEAF4BF}"
EndProject
Project("{FAE04EC0-301F-11D3-BF4B-00C04F79EFBC}") = "API", "API\API.csproj", "{F7A222BE-C773-4FD7-AC1D-4940EAB92F96}"
EndProject
Project("{FAE04EC0-301F-11D3-BF4B-00C04F79EFBC}") = "Infrastructure", "Infrastructure\Infrastructure.csproj", "{9647B9B7-0DD1-4815-AD95-F45852C61996}"
EndProject
Global
	GlobalSection(SolutionConfigurationPlatforms) = preSolution
		Debug|Any CPU = Debug|Any CPU
		Debug|x64 = Debug|x64
		Debug|x86 = Debug|x86
		Release|Any CPU = Release|Any CPU
		Release|x64 = Release|x64
		Release|x86 = Release|x86
	EndGlobalSection
	GlobalSection(SolutionProperties) = preSolution
		HideSolutionNode = FALSE
	EndGlobalSection
	GlobalSection(ProjectConfigurationPlatforms) = postSolution
		{E4646A49-71AE-4095-BC60-01453AE820BA}.Debug|Any CPU.ActiveCfg = Debug|Any CPU
		{E4646A49-71AE-4095-BC60-01453AE820BA}.Debug|Any CPU.Build.0 = Debug|Any CPU
		{E4646A49-71AE-4095-BC60-01453AE820BA}.Debug|x64.ActiveCfg = Debug|Any CPU
		{E4646A49-71AE-4095-BC60-01453AE820BA}.Debug|x64.Build.0 = Debug|Any CPU
		{E4646A49-71AE-4095-BC60-01453AE820BA}.Debug|x86.ActiveCfg = Debug|Any CPU
		{E4646A49-71AE-4095-BC60-01453AE820BA}.Debug|x86.Build.0 = Debug|Any CPU
		{E4646A49-71AE-4095-BC60-01453AE820BA}.Release|Any CPU.ActiveCfg = Release|Any CPU
		{E4646A49-71AE-4095-BC60-01453AE820BA}.Release|Any CPU.Build.0 = Release|Any CPU
		{E4646A49-71AE-4095-BC60-01453AE820BA}.Release|x64.ActiveCfg = Release|Any CPU
		{E4646A49-71AE-4095-BC60-01453AE820BA}.Release|x64.Build.0 = Release|Any CPU
		{E4646A49-71AE-4095-BC60-01453AE820BA}.Release|x86.ActiveCfg = Release|Any CPU
		{E4646A49-71AE-4095-BC60-01453AE820BA}.Release|x86.Build.0 = Release|Any CPU
		{94E5375F-F705-4305-87A3-4B217674B1F1}.Debug|Any CPU.ActiveCfg = Debug|Any CPU
		{94E5375F-F705-4305-87A3-4B217674B1F1}.Debug|Any CPU.Build.0 = Debug|Any CPU
		{94E5375F-F705-4305-87A3-4B217674B1F1}.Debug|x64.ActiveCfg = Debug|Any CPU
		{94E5375F-F705-4305-87A3-4B217674B1F1}.Debug|x64.Build.0 = Debug|Any CPU
		{94E5375F-F705-4305-87A3-4B217674B1F1}.Debug|x86.ActiveCfg = Debug|Any CPU
		{94E5375F-F705-4305-87A3-4B217674B1F1}.Debug|x86.Build.0 = Debug|Any CPU
		{94E5375F-F705-4305-87A3-4B217674B1F1}.Release|Any CPU.ActiveCfg = Release|Any CPU
		{94E5375F-F705-4305-87A3-4B217674B1F1}.Release|Any CPU.Build.0 = Release|Any CPU
		{94E5375F-F705-4305-87A3-4B217674B1F1}.Release|x64.ActiveCfg = Release|Any CPU
		{94E5375F-F705-4305-87A3-4B217674B1F1}.Release|x64.Build.0 = Release|Any CPU
		{94E5375F-F705-4305-87A3-4B217674B1F1}.Release|x86.ActiveCfg = Release|Any CPU
		{94E5375F-F705-4305-87A3-4B217674B1F1}.Release|x86.Build.0 = Release|Any CPU
		{EE5EB442-26D8-4497-8C02-E286EBEAF4BF}.Debug|Any CPU.ActiveCfg = Debug|Any CPU
		{EE5EB442-26D8-4497-8C02-E286EBEAF4BF}.Debug|Any CPU.Build.0 = Debug|Any CPU
		{EE5EB442-26D8-4497-8C02-E286EBEAF4BF}.Debug|x64.ActiveCfg = Debug|Any CPU
		{EE5EB442-26D8-4497-8C02-E286EBEAF4BF}.Debug|x64.Build.0 = Debug|Any CPU
		{EE5EB442-26D8-4497-8C02-E286EBEAF4BF}.Debug|x86.ActiveCfg = Debug|Any CPU
		{EE5EB442-26D8-4497-8C02-E286EBEAF4BF}.Debug|x86.Build.0 = Debug|Any CPU
		{EE5EB442-26D8-4497-8C02-E286EBEAF4BF}.Release|Any CPU.ActiveCfg = Release|Any CPU
		{EE5EB442-26D8-4497-8C02-E286EBEAF4BF}.Release|Any CPU.Build.0 = Release|Any CPU
		{EE5EB442-26D8-4497-8C02-E286EBEAF4BF}.Release|x64.ActiveCfg = Release|Any CPU
		{EE5EB442-26D8-4497-8C02-E286EBEAF4BF}.Release|x64.Build.0 = Release|Any CPU
		{EE5EB442-26D8-4497-8C02-E286EBEAF4BF}.Release|x86.ActiveCfg = Release|Any CPU
		{EE5EB442-26D8-4497-8C02-E286EBEAF4BF}.Release|x86.Build.0 = Release|Any CPU
		{F7A222BE-C773-4FD7-AC1D-4940EAB92F96}.Debug|Any CPU.ActiveCfg = Debug|Any CPU
		{F7A222BE-C773-4FD7-AC1D-4940EAB92F96}.Debug|Any CPU.Build.0 = Debug|Any CPU
		{F7A222BE-C773-4FD7-AC1D-4940EAB92F96}.Debug|x64.ActiveCfg = Debug|Any CPU
		{F7A222BE-C773-4FD7-AC1D-4940EAB92F96}.Debug|x64.Build.0 = Debug|Any CPU
		{F7A222BE-C773-4FD7-AC1D-4940EAB92F96}.Debug|x86.ActiveCfg = Debug|Any CPU
		{F7A222BE-C773-4FD7-AC1D-4940EAB92F96}.Debug|x86.Build.0 = Debug|Any CPU
		{F7A222BE-C773-4FD7-AC1D-4940EAB92F96}.Release|Any CPU.ActiveCfg = Release|Any CPU
		{F7A222BE-C773-4FD7-AC1D-4940EAB92F96}.Release|Any CPU.Build.0 = Release|Any CPU
		{F7A222BE-C773-4FD7-AC1D-4940EAB92F96}.Release|x64.ActiveCfg = Release|Any CPU
		{F7A222BE-C773-4FD7-AC1D-4940EAB92F96}.Release|x64.Build.0 = Release|Any CPU
		{F7A222BE-C773-4FD7-AC1D-4940EAB92F96}.Release|x86.ActiveCfg = Release|Any CPU
		{F7A222BE-C773-4FD7-AC1D-4940EAB92F96}.Release|x86.Build.0 = Release|Any CPU
		{9647B9B7-0DD1-4815-AD95-F45852C61996}.Debug|Any CPU.ActiveCfg = Debug|Any CPU
		{9647B9B7-0DD1-4815-AD95-F45852C61996}.Debug|Any CPU.Build.0 = Debug|Any CPU
		{9647B9B7-0DD1-4815-AD95-F45852C61996}.Debug|x64.ActiveCfg = Debug|Any CPU
		{9647B9B7-0DD1-4815-AD95-F45852C61996}.Debug|x64.Build.0 = Debug|Any CPU
		{9647B9B7-0DD1-4815-AD95-F45852C61996}.Debug|x86.ActiveCfg = Debug|Any CPU
		{9647B9B7-0DD1-4815-AD95-F45852C61996}.Debug|x86.Build.0 = Debug|Any CPU
		{9647B9B7-0DD1-4815-AD95-F45852C61996}.Release|Any CPU.ActiveCfg = Release|Any CPU
		{9647B9B7-0DD1-4815-AD95-F45852C61996}.Release|Any CPU.Build.0 = Release|Any CPU
		{9647B9B7-0DD1-4815-AD95-F45852C61996}.Release|x64.ActiveCfg = Release|Any CPU
		{9647B9B7-0DD1-4815-AD95-F45852C61996}.Release|x64.Build.0 = Release|Any CPU
		{9647B9B7-0DD1-4815-AD95-F45852C61996}.Release|x86.ActiveCfg = Release|Any CPU
		{9647B9B7-0DD1-4815-AD95-F45852C61996}.Release|x86.Build.0 = Release|Any CPU
	EndGlobalSection
EndGlobal
